// !$*UTF8*$!
{
	archiveVersion = 1;
	classes = {
	};
	objectVersion = 50;
	objects = {

/* Begin PBXBuildFile section */
		2E339E1824EF68D3003EB34C /* CoreDataStackTests.swift in Sources */ = {isa = PBXBuildFile; fileRef = 2E92B69824EE754F00187C4E /* CoreDataStackTests.swift */; };
		2E339E1924EF68D5003EB34C /* TestCoreDataStack.swift in Sources */ = {isa = PBXBuildFile; fileRef = 2E339DFE24EE8636003EB34C /* TestCoreDataStack.swift */; };
		2E339E1A24EF693D003EB34C /* CoreDataStack.swift in Sources */ = {isa = PBXBuildFile; fileRef = 2E92B69F24EE75E000187C4E /* CoreDataStack.swift */; };
		2E339E1B24EF6940003EB34C /* Shiori.xcdatamodeld in Sources */ = {isa = PBXBuildFile; fileRef = 2E92B68B24EE74FE00187C4E /* Shiori.xcdatamodeld */; };
		2E339E1F24EF7211003EB34C /* EntityManagerTests.swift in Sources */ = {isa = PBXBuildFile; fileRef = 2E339E1E24EF7211003EB34C /* EntityManagerTests.swift */; };
		2E339E2224EF7245003EB34C /* EntityManager.swift in Sources */ = {isa = PBXBuildFile; fileRef = 2E339E2124EF7245003EB34C /* EntityManager.swift */; };
		2E339E2624EFB182003EB34C /* Bookmark+CoreDataClass.swift in Sources */ = {isa = PBXBuildFile; fileRef = 2E339E2424EFB182003EB34C /* Bookmark+CoreDataClass.swift */; };
		2E339E2E24EFB481003EB34C /* Bookmark+CoreDataClass.swift in Sources */ = {isa = PBXBuildFile; fileRef = 2E339E2424EFB182003EB34C /* Bookmark+CoreDataClass.swift */; };
		2E339E2F24EFB484003EB34C /* Series+CoreDataClass.swift in Sources */ = {isa = PBXBuildFile; fileRef = 2E92B68E24EE752000187C4E /* Series+CoreDataClass.swift */; };
		2E5070D924F0846E00E2C840 /* LibraryTests.swift in Sources */ = {isa = PBXBuildFile; fileRef = 2E5070D824F0846E00E2C840 /* LibraryTests.swift */; };
		2E5070DB24F0847B00E2C840 /* Library.swift in Sources */ = {isa = PBXBuildFile; fileRef = 2E5070DA24F0847B00E2C840 /* Library.swift */; };
		2E5070DC24F0847F00E2C840 /* Library.swift in Sources */ = {isa = PBXBuildFile; fileRef = 2E5070DA24F0847B00E2C840 /* Library.swift */; };
		2E5070E224F154F600E2C840 /* SeriesListViewModel.swift in Sources */ = {isa = PBXBuildFile; fileRef = 2E5070E124F154F600E2C840 /* SeriesListViewModel.swift */; };
		2E5070E324F1550100E2C840 /* SeriesListViewModel.swift in Sources */ = {isa = PBXBuildFile; fileRef = 2E5070E124F154F600E2C840 /* SeriesListViewModel.swift */; };
		2E5070E524F1552200E2C840 /* SeriesListViewModelTests.swift in Sources */ = {isa = PBXBuildFile; fileRef = 2E5070E424F1552200E2C840 /* SeriesListViewModelTests.swift */; };
		2E58B61F24F20D7500C168D2 /* TestLibrary.swift in Sources */ = {isa = PBXBuildFile; fileRef = 2E58B61E24F20D7500C168D2 /* TestLibrary.swift */; };
		2E58B62124F210C300C168D2 /* SeriesListCellViewModel.swift in Sources */ = {isa = PBXBuildFile; fileRef = 2E58B62024F210C300C168D2 /* SeriesListCellViewModel.swift */; };
		2E58B62324F210D500C168D2 /* SeriesListCellViewModelTests.swift in Sources */ = {isa = PBXBuildFile; fileRef = 2E58B62224F210D500C168D2 /* SeriesListCellViewModelTests.swift */; };
		2E58B62424F210DC00C168D2 /* SeriesListCellViewModel.swift in Sources */ = {isa = PBXBuildFile; fileRef = 2E58B62024F210C300C168D2 /* SeriesListCellViewModel.swift */; };
		2E92703624F354440099CF86 /* TabBarController.swift in Sources */ = {isa = PBXBuildFile; fileRef = 2E92703524F354440099CF86 /* TabBarController.swift */; };
		2E92703924F3591E0099CF86 /* SeriesListViewController.swift in Sources */ = {isa = PBXBuildFile; fileRef = 2E92703824F3591E0099CF86 /* SeriesListViewController.swift */; };
		2E92703C24F35D080099CF86 /* SeriesListViewController.storyboard in Resources */ = {isa = PBXBuildFile; fileRef = 2E92703B24F35D080099CF86 /* SeriesListViewController.storyboard */; };
		2E92703F24F35E300099CF86 /* ViewControllerWithStoryboard.swift in Sources */ = {isa = PBXBuildFile; fileRef = 2E92703E24F35E300099CF86 /* ViewControllerWithStoryboard.swift */; };
		2E92704124F364F60099CF86 /* SeriesListDataSource.swift in Sources */ = {isa = PBXBuildFile; fileRef = 2E92704024F364F60099CF86 /* SeriesListDataSource.swift */; };
		2E92704324F36AC70099CF86 /* SeriesListViewCell.swift in Sources */ = {isa = PBXBuildFile; fileRef = 2E92704224F36AC70099CF86 /* SeriesListViewCell.swift */; };
		2E92704524F36C1E0099CF86 /* SeriesListViewCell.xib in Resources */ = {isa = PBXBuildFile; fileRef = 2E92704424F36C1E0099CF86 /* SeriesListViewCell.xib */; };
		2E92B67524EE745F00187C4E /* AppDelegate.swift in Sources */ = {isa = PBXBuildFile; fileRef = 2E92B67424EE745F00187C4E /* AppDelegate.swift */; };
		2E92B67724EE745F00187C4E /* SceneDelegate.swift in Sources */ = {isa = PBXBuildFile; fileRef = 2E92B67624EE745F00187C4E /* SceneDelegate.swift */; };
		2E92B67E24EE746000187C4E /* Assets.xcassets in Resources */ = {isa = PBXBuildFile; fileRef = 2E92B67D24EE746000187C4E /* Assets.xcassets */; };
		2E92B68124EE746000187C4E /* LaunchScreen.storyboard in Resources */ = {isa = PBXBuildFile; fileRef = 2E92B67F24EE746000187C4E /* LaunchScreen.storyboard */; };
		2E92B68D24EE74FE00187C4E /* Shiori.xcdatamodeld in Sources */ = {isa = PBXBuildFile; fileRef = 2E92B68B24EE74FE00187C4E /* Shiori.xcdatamodeld */; };
		2E92B69024EE752000187C4E /* Series+CoreDataClass.swift in Sources */ = {isa = PBXBuildFile; fileRef = 2E92B68E24EE752000187C4E /* Series+CoreDataClass.swift */; };
		2E92B6A024EE75E000187C4E /* CoreDataStack.swift in Sources */ = {isa = PBXBuildFile; fileRef = 2E92B69F24EE75E000187C4E /* CoreDataStack.swift */; };
		2EAB7A2624EFBC570044C6AD /* EntityManager.swift in Sources */ = {isa = PBXBuildFile; fileRef = 2E339E2124EF7245003EB34C /* EntityManager.swift */; };
/* End PBXBuildFile section */

/* Begin PBXFileReference section */
		2E339DFE24EE8636003EB34C /* TestCoreDataStack.swift */ = {isa = PBXFileReference; lastKnownFileType = sourcecode.swift; path = TestCoreDataStack.swift; sourceTree = "<group>"; };
		2E339E1024EF68A6003EB34C /* ShioriUnitTests.xctest */ = {isa = PBXFileReference; explicitFileType = wrapper.cfbundle; includeInIndex = 0; path = ShioriUnitTests.xctest; sourceTree = BUILT_PRODUCTS_DIR; };
		2E339E1424EF68A6003EB34C /* Info.plist */ = {isa = PBXFileReference; lastKnownFileType = text.plist.xml; path = Info.plist; sourceTree = "<group>"; };
		2E339E1E24EF7211003EB34C /* EntityManagerTests.swift */ = {isa = PBXFileReference; lastKnownFileType = sourcecode.swift; path = EntityManagerTests.swift; sourceTree = "<group>"; };
		2E339E2124EF7245003EB34C /* EntityManager.swift */ = {isa = PBXFileReference; lastKnownFileType = sourcecode.swift; path = EntityManager.swift; sourceTree = "<group>"; };
		2E339E2424EFB182003EB34C /* Bookmark+CoreDataClass.swift */ = {isa = PBXFileReference; lastKnownFileType = sourcecode.swift; path = "Bookmark+CoreDataClass.swift"; sourceTree = "<group>"; };
		2E5070D824F0846E00E2C840 /* LibraryTests.swift */ = {isa = PBXFileReference; lastKnownFileType = sourcecode.swift; path = LibraryTests.swift; sourceTree = "<group>"; };
		2E5070DA24F0847B00E2C840 /* Library.swift */ = {isa = PBXFileReference; lastKnownFileType = sourcecode.swift; path = Library.swift; sourceTree = "<group>"; };
		2E5070E124F154F600E2C840 /* SeriesListViewModel.swift */ = {isa = PBXFileReference; lastKnownFileType = sourcecode.swift; path = SeriesListViewModel.swift; sourceTree = "<group>"; };
		2E5070E424F1552200E2C840 /* SeriesListViewModelTests.swift */ = {isa = PBXFileReference; lastKnownFileType = sourcecode.swift; path = SeriesListViewModelTests.swift; sourceTree = "<group>"; };
		2E58B61E24F20D7500C168D2 /* TestLibrary.swift */ = {isa = PBXFileReference; lastKnownFileType = sourcecode.swift; path = TestLibrary.swift; sourceTree = "<group>"; };
		2E58B62024F210C300C168D2 /* SeriesListCellViewModel.swift */ = {isa = PBXFileReference; lastKnownFileType = sourcecode.swift; path = SeriesListCellViewModel.swift; sourceTree = "<group>"; };
		2E58B62224F210D500C168D2 /* SeriesListCellViewModelTests.swift */ = {isa = PBXFileReference; lastKnownFileType = sourcecode.swift; path = SeriesListCellViewModelTests.swift; sourceTree = "<group>"; };
		2E92703524F354440099CF86 /* TabBarController.swift */ = {isa = PBXFileReference; lastKnownFileType = sourcecode.swift; path = TabBarController.swift; sourceTree = "<group>"; };
		2E92703824F3591E0099CF86 /* SeriesListViewController.swift */ = {isa = PBXFileReference; lastKnownFileType = sourcecode.swift; path = SeriesListViewController.swift; sourceTree = "<group>"; };
		2E92703B24F35D080099CF86 /* SeriesListViewController.storyboard */ = {isa = PBXFileReference; lastKnownFileType = file.storyboard; path = SeriesListViewController.storyboard; sourceTree = "<group>"; };
		2E92703E24F35E300099CF86 /* ViewControllerWithStoryboard.swift */ = {isa = PBXFileReference; lastKnownFileType = sourcecode.swift; path = ViewControllerWithStoryboard.swift; sourceTree = "<group>"; };
		2E92704024F364F60099CF86 /* SeriesListDataSource.swift */ = {isa = PBXFileReference; lastKnownFileType = sourcecode.swift; path = SeriesListDataSource.swift; sourceTree = "<group>"; };
		2E92704224F36AC70099CF86 /* SeriesListViewCell.swift */ = {isa = PBXFileReference; lastKnownFileType = sourcecode.swift; path = SeriesListViewCell.swift; sourceTree = "<group>"; };
		2E92704424F36C1E0099CF86 /* SeriesListViewCell.xib */ = {isa = PBXFileReference; lastKnownFileType = file.xib; path = SeriesListViewCell.xib; sourceTree = "<group>"; };
		2E92B67124EE745F00187C4E /* Shiori.app */ = {isa = PBXFileReference; explicitFileType = wrapper.application; includeInIndex = 0; path = Shiori.app; sourceTree = BUILT_PRODUCTS_DIR; };
		2E92B67424EE745F00187C4E /* AppDelegate.swift */ = {isa = PBXFileReference; lastKnownFileType = sourcecode.swift; path = AppDelegate.swift; sourceTree = "<group>"; };
		2E92B67624EE745F00187C4E /* SceneDelegate.swift */ = {isa = PBXFileReference; lastKnownFileType = sourcecode.swift; path = SceneDelegate.swift; sourceTree = "<group>"; };
		2E92B67D24EE746000187C4E /* Assets.xcassets */ = {isa = PBXFileReference; lastKnownFileType = folder.assetcatalog; path = Assets.xcassets; sourceTree = "<group>"; };
		2E92B68024EE746000187C4E /* Base */ = {isa = PBXFileReference; lastKnownFileType = file.storyboard; name = Base; path = Base.lproj/LaunchScreen.storyboard; sourceTree = "<group>"; };
		2E92B68224EE746000187C4E /* Info.plist */ = {isa = PBXFileReference; lastKnownFileType = text.plist.xml; path = Info.plist; sourceTree = "<group>"; };
		2E92B68C24EE74FE00187C4E /* Shiori.xcdatamodel */ = {isa = PBXFileReference; lastKnownFileType = wrapper.xcdatamodel; path = Shiori.xcdatamodel; sourceTree = "<group>"; };
		2E92B68E24EE752000187C4E /* Series+CoreDataClass.swift */ = {isa = PBXFileReference; lastKnownFileType = sourcecode.swift; path = "Series+CoreDataClass.swift"; sourceTree = "<group>"; };
		2E92B69824EE754F00187C4E /* CoreDataStackTests.swift */ = {isa = PBXFileReference; lastKnownFileType = sourcecode.swift; path = CoreDataStackTests.swift; sourceTree = "<group>"; };
		2E92B69F24EE75E000187C4E /* CoreDataStack.swift */ = {isa = PBXFileReference; lastKnownFileType = sourcecode.swift; path = CoreDataStack.swift; sourceTree = "<group>"; };
/* End PBXFileReference section */

/* Begin PBXFrameworksBuildPhase section */
		2E339E0D24EF68A6003EB34C /* Frameworks */ = {
			isa = PBXFrameworksBuildPhase;
			buildActionMask = 2147483647;
			files = (
			);
			runOnlyForDeploymentPostprocessing = 0;
		};
		2E92B66E24EE745F00187C4E /* Frameworks */ = {
			isa = PBXFrameworksBuildPhase;
			buildActionMask = 2147483647;
			files = (
			);
			runOnlyForDeploymentPostprocessing = 0;
		};
/* End PBXFrameworksBuildPhase section */

/* Begin PBXGroup section */
		2E339E1124EF68A6003EB34C /* ShioriUnitTests */ = {
			isa = PBXGroup;
			children = (
				2E5070E924F1559100E2C840 /* ViewModel */,
				2E5070E824F1555700E2C840 /* Model */,
				2E5070E724F1555200E2C840 /* Support */,
			);
			path = ShioriUnitTests;
			sourceTree = "<group>";
		};
		2E339E2D24EFB444003EB34C /* Class */ = {
			isa = PBXGroup;
			children = (
				2E339E2424EFB182003EB34C /* Bookmark+CoreDataClass.swift */,
				2E92B68E24EE752000187C4E /* Series+CoreDataClass.swift */,
			);
			name = Class;
			sourceTree = "<group>";
		};
		2E5070DE24F1547C00E2C840 /* Page */ = {
			isa = PBXGroup;
			children = (
				2E5070DF24F1548C00E2C840 /* SeriesList */,
			);
			path = Page;
			sourceTree = "<group>";
		};
		2E5070DF24F1548C00E2C840 /* SeriesList */ = {
			isa = PBXGroup;
			children = (
				2E92703A24F35CC30099CF86 /* View */,
				2E92703724F358D60099CF86 /* ViewController */,
				2E5070E024F154DF00E2C840 /* ViewModel */,
			);
			path = SeriesList;
			sourceTree = "<group>";
		};
		2E5070E024F154DF00E2C840 /* ViewModel */ = {
			isa = PBXGroup;
			children = (
				2E5070E124F154F600E2C840 /* SeriesListViewModel.swift */,
				2E58B62024F210C300C168D2 /* SeriesListCellViewModel.swift */,
			);
			path = ViewModel;
			sourceTree = "<group>";
		};
		2E5070E724F1555200E2C840 /* Support */ = {
			isa = PBXGroup;
			children = (
				2E339DFE24EE8636003EB34C /* TestCoreDataStack.swift */,
				2E58B61E24F20D7500C168D2 /* TestLibrary.swift */,
				2E339E1424EF68A6003EB34C /* Info.plist */,
			);
			name = Support;
			sourceTree = "<group>";
		};
		2E5070E824F1555700E2C840 /* Model */ = {
			isa = PBXGroup;
			children = (
				2E92B69824EE754F00187C4E /* CoreDataStackTests.swift */,
				2E339E1E24EF7211003EB34C /* EntityManagerTests.swift */,
				2E5070D824F0846E00E2C840 /* LibraryTests.swift */,
			);
			name = Model;
			sourceTree = "<group>";
		};
		2E5070E924F1559100E2C840 /* ViewModel */ = {
			isa = PBXGroup;
			children = (
				2E5070E424F1552200E2C840 /* SeriesListViewModelTests.swift */,
				2E58B62224F210D500C168D2 /* SeriesListCellViewModelTests.swift */,
			);
			name = ViewModel;
			sourceTree = "<group>";
		};
		2E92703724F358D60099CF86 /* ViewController */ = {
			isa = PBXGroup;
			children = (
				2E92703824F3591E0099CF86 /* SeriesListViewController.swift */,
				2E92704024F364F60099CF86 /* SeriesListDataSource.swift */,
			);
			path = ViewController;
			sourceTree = "<group>";
		};
		2E92703A24F35CC30099CF86 /* View */ = {
			isa = PBXGroup;
			children = (
				2E92703B24F35D080099CF86 /* SeriesListViewController.storyboard */,
				2E92704224F36AC70099CF86 /* SeriesListViewCell.swift */,
				2E92704424F36C1E0099CF86 /* SeriesListViewCell.xib */,
			);
			path = View;
			sourceTree = "<group>";
		};
		2E92703D24F35E250099CF86 /* Protocol */ = {
			isa = PBXGroup;
			children = (
				2E92703E24F35E300099CF86 /* ViewControllerWithStoryboard.swift */,
			);
			path = Protocol;
			sourceTree = "<group>";
		};
		2E92B66824EE745F00187C4E = {
			isa = PBXGroup;
			children = (
				2E92B67324EE745F00187C4E /* Shiori */,
				2E339E1124EF68A6003EB34C /* ShioriUnitTests */,
				2E92B67224EE745F00187C4E /* Products */,
			);
			sourceTree = "<group>";
		};
		2E92B67224EE745F00187C4E /* Products */ = {
			isa = PBXGroup;
			children = (
				2E92B67124EE745F00187C4E /* Shiori.app */,
				2E339E1024EF68A6003EB34C /* ShioriUnitTests.xctest */,
			);
			name = Products;
			sourceTree = "<group>";
		};
		2E92B67324EE745F00187C4E /* Shiori */ = {
			isa = PBXGroup;
			children = (
				2E92703D24F35E250099CF86 /* Protocol */,
				2E5070DE24F1547C00E2C840 /* Page */,
				2E92B68A24EE74D600187C4E /* Model */,
				2E92B68824EE746D00187C4E /* Support */,
				2E92703524F354440099CF86 /* TabBarController.swift */,
			);
			path = Shiori;
			sourceTree = "<group>";
		};
		2E92B68824EE746D00187C4E /* Support */ = {
			isa = PBXGroup;
			children = (
				2E92B67D24EE746000187C4E /* Assets.xcassets */,
				2E92B67424EE745F00187C4E /* AppDelegate.swift */,
				2E92B67624EE745F00187C4E /* SceneDelegate.swift */,
				2E92B67F24EE746000187C4E /* LaunchScreen.storyboard */,
				2E92B68224EE746000187C4E /* Info.plist */,
			);
			name = Support;
			sourceTree = "<group>";
		};
		2E92B68A24EE74D600187C4E /* Model */ = {
			isa = PBXGroup;
			children = (
				2E339E2D24EFB444003EB34C /* Class */,
				2E92B68B24EE74FE00187C4E /* Shiori.xcdatamodeld */,
				2E92B69F24EE75E000187C4E /* CoreDataStack.swift */,
				2E339E2124EF7245003EB34C /* EntityManager.swift */,
				2E5070DA24F0847B00E2C840 /* Library.swift */,
			);
			path = Model;
			sourceTree = "<group>";
		};
/* End PBXGroup section */

/* Begin PBXNativeTarget section */
		2E339E0F24EF68A6003EB34C /* ShioriUnitTests */ = {
			isa = PBXNativeTarget;
			buildConfigurationList = 2E339E1524EF68A6003EB34C /* Build configuration list for PBXNativeTarget "ShioriUnitTests" */;
			buildPhases = (
				2E339E0C24EF68A6003EB34C /* Sources */,
				2E339E0D24EF68A6003EB34C /* Frameworks */,
				2E339E0E24EF68A6003EB34C /* Resources */,
			);
			buildRules = (
			);
			dependencies = (
			);
			name = ShioriUnitTests;
			productName = ShioriUnitTests;
			productReference = 2E339E1024EF68A6003EB34C /* ShioriUnitTests.xctest */;
			productType = "com.apple.product-type.bundle.unit-test";
		};
		2E92B67024EE745F00187C4E /* Shiori */ = {
			isa = PBXNativeTarget;
			buildConfigurationList = 2E92B68524EE746000187C4E /* Build configuration list for PBXNativeTarget "Shiori" */;
			buildPhases = (
				2E92B66D24EE745F00187C4E /* Sources */,
				2E92B66E24EE745F00187C4E /* Frameworks */,
				2E92B66F24EE745F00187C4E /* Resources */,
			);
			buildRules = (
			);
			dependencies = (
			);
			name = Shiori;
			productName = Shiori;
			productReference = 2E92B67124EE745F00187C4E /* Shiori.app */;
			productType = "com.apple.product-type.application";
		};
/* End PBXNativeTarget section */

/* Begin PBXProject section */
		2E92B66924EE745F00187C4E /* Project object */ = {
			isa = PBXProject;
			attributes = {
				LastSwiftUpdateCheck = 1200;
				LastUpgradeCheck = 1200;
				TargetAttributes = {
					2E339E0F24EF68A6003EB34C = {
						CreatedOnToolsVersion = 12.0;
					};
					2E92B67024EE745F00187C4E = {
						CreatedOnToolsVersion = 12.0;
					};
				};
			};
			buildConfigurationList = 2E92B66C24EE745F00187C4E /* Build configuration list for PBXProject "Shiori" */;
			compatibilityVersion = "Xcode 9.3";
			developmentRegion = en;
			hasScannedForEncodings = 0;
			knownRegions = (
				en,
				Base,
			);
			mainGroup = 2E92B66824EE745F00187C4E;
			productRefGroup = 2E92B67224EE745F00187C4E /* Products */;
			projectDirPath = "";
			projectRoot = "";
			targets = (
				2E92B67024EE745F00187C4E /* Shiori */,
				2E339E0F24EF68A6003EB34C /* ShioriUnitTests */,
			);
		};
/* End PBXProject section */

/* Begin PBXResourcesBuildPhase section */
		2E339E0E24EF68A6003EB34C /* Resources */ = {
			isa = PBXResourcesBuildPhase;
			buildActionMask = 2147483647;
			files = (
			);
			runOnlyForDeploymentPostprocessing = 0;
		};
		2E92B66F24EE745F00187C4E /* Resources */ = {
			isa = PBXResourcesBuildPhase;
			buildActionMask = 2147483647;
			files = (
				2E92703C24F35D080099CF86 /* SeriesListViewController.storyboard in Resources */,
				2E92704524F36C1E0099CF86 /* SeriesListViewCell.xib in Resources */,
				2E92B68124EE746000187C4E /* LaunchScreen.storyboard in Resources */,
				2E92B67E24EE746000187C4E /* Assets.xcassets in Resources */,
			);
			runOnlyForDeploymentPostprocessing = 0;
		};
/* End PBXResourcesBuildPhase section */

/* Begin PBXSourcesBuildPhase section */
		2E339E0C24EF68A6003EB34C /* Sources */ = {
			isa = PBXSourcesBuildPhase;
			buildActionMask = 2147483647;
			files = (
				2E58B62424F210DC00C168D2 /* SeriesListCellViewModel.swift in Sources */,
				2E339E1824EF68D3003EB34C /* CoreDataStackTests.swift in Sources */,
				2E58B62324F210D500C168D2 /* SeriesListCellViewModelTests.swift in Sources */,
				2E339E1924EF68D5003EB34C /* TestCoreDataStack.swift in Sources */,
				2E339E1F24EF7211003EB34C /* EntityManagerTests.swift in Sources */,
				2E5070E524F1552200E2C840 /* SeriesListViewModelTests.swift in Sources */,
				2E58B61F24F20D7500C168D2 /* TestLibrary.swift in Sources */,
				2E339E2F24EFB484003EB34C /* Series+CoreDataClass.swift in Sources */,
				2E5070D924F0846E00E2C840 /* LibraryTests.swift in Sources */,
				2E339E1B24EF6940003EB34C /* Shiori.xcdatamodeld in Sources */,
				2E339E2E24EFB481003EB34C /* Bookmark+CoreDataClass.swift in Sources */,
				2E5070E324F1550100E2C840 /* SeriesListViewModel.swift in Sources */,
				2E5070DC24F0847F00E2C840 /* Library.swift in Sources */,
				2EAB7A2624EFBC570044C6AD /* EntityManager.swift in Sources */,
				2E339E1A24EF693D003EB34C /* CoreDataStack.swift in Sources */,
			);
			runOnlyForDeploymentPostprocessing = 0;
		};
		2E92B66D24EE745F00187C4E /* Sources */ = {
			isa = PBXSourcesBuildPhase;
			buildActionMask = 2147483647;
			files = (
				2E92B6A024EE75E000187C4E /* CoreDataStack.swift in Sources */,
				2E92B69024EE752000187C4E /* Series+CoreDataClass.swift in Sources */,
				2E58B62124F210C300C168D2 /* SeriesListCellViewModel.swift in Sources */,
				2E92703624F354440099CF86 /* TabBarController.swift in Sources */,
				2E92B68D24EE74FE00187C4E /* Shiori.xcdatamodeld in Sources */,
				2E339E2624EFB182003EB34C /* Bookmark+CoreDataClass.swift in Sources */,
				2E92703F24F35E300099CF86 /* ViewControllerWithStoryboard.swift in Sources */,
				2E339E2224EF7245003EB34C /* EntityManager.swift in Sources */,
				2E92B67524EE745F00187C4E /* AppDelegate.swift in Sources */,
				2E92B67724EE745F00187C4E /* SceneDelegate.swift in Sources */,
				2E5070DB24F0847B00E2C840 /* Library.swift in Sources */,
				2E92704124F364F60099CF86 /* SeriesListDataSource.swift in Sources */,
				2E5070E224F154F600E2C840 /* SeriesListViewModel.swift in Sources */,
				2E92703924F3591E0099CF86 /* SeriesListViewController.swift in Sources */,
				2E92704324F36AC70099CF86 /* SeriesListViewCell.swift in Sources */,
			);
			runOnlyForDeploymentPostprocessing = 0;
		};
/* End PBXSourcesBuildPhase section */

/* Begin PBXVariantGroup section */
		2E92B67F24EE746000187C4E /* LaunchScreen.storyboard */ = {
			isa = PBXVariantGroup;
			children = (
				2E92B68024EE746000187C4E /* Base */,
			);
			name = LaunchScreen.storyboard;
			sourceTree = "<group>";
		};
/* End PBXVariantGroup section */

/* Begin XCBuildConfiguration section */
		2E339E1624EF68A6003EB34C /* Debug */ = {
			isa = XCBuildConfiguration;
			buildSettings = {
				CODE_SIGN_STYLE = Automatic;
				COMBINE_HIDPI_IMAGES = YES;
				INFOPLIST_FILE = ShioriUnitTests/Info.plist;
				LD_RUNPATH_SEARCH_PATHS = (
					"$(inherited)",
					"@executable_path/../Frameworks",
					"@loader_path/../Frameworks",
				);
				MACOSX_DEPLOYMENT_TARGET = 10.15;
				PRODUCT_BUNDLE_IDENTIFIER = com.hikinit.ShioriUnitTests;
				PRODUCT_NAME = "$(TARGET_NAME)";
				SDKROOT = macosx;
				SWIFT_VERSION = 5.0;
			};
			name = Debug;
		};
		2E339E1724EF68A6003EB34C /* Release */ = {
			isa = XCBuildConfiguration;
			buildSettings = {
				CODE_SIGN_STYLE = Automatic;
				COMBINE_HIDPI_IMAGES = YES;
				INFOPLIST_FILE = ShioriUnitTests/Info.plist;
				LD_RUNPATH_SEARCH_PATHS = (
					"$(inherited)",
					"@executable_path/../Frameworks",
					"@loader_path/../Frameworks",
				);
				MACOSX_DEPLOYMENT_TARGET = 10.15;
				PRODUCT_BUNDLE_IDENTIFIER = com.hikinit.ShioriUnitTests;
				PRODUCT_NAME = "$(TARGET_NAME)";
				SDKROOT = macosx;
				SWIFT_VERSION = 5.0;
			};
			name = Release;
		};
		2E92B68324EE746000187C4E /* Debug */ = {
			isa = XCBuildConfiguration;
			buildSettings = {
				ALWAYS_SEARCH_USER_PATHS = NO;
				CLANG_ANALYZER_NONNULL = YES;
				CLANG_ANALYZER_NUMBER_OBJECT_CONVERSION = YES_AGGRESSIVE;
				CLANG_CXX_LANGUAGE_STANDARD = "gnu++14";
				CLANG_CXX_LIBRARY = "libc++";
				CLANG_ENABLE_MODULES = YES;
				CLANG_ENABLE_OBJC_ARC = YES;
				CLANG_ENABLE_OBJC_WEAK = YES;
				CLANG_WARN_BLOCK_CAPTURE_AUTORELEASING = YES;
				CLANG_WARN_BOOL_CONVERSION = YES;
				CLANG_WARN_COMMA = YES;
				CLANG_WARN_CONSTANT_CONVERSION = YES;
				CLANG_WARN_DEPRECATED_OBJC_IMPLEMENTATIONS = YES;
				CLANG_WARN_DIRECT_OBJC_ISA_USAGE = YES_ERROR;
				CLANG_WARN_DOCUMENTATION_COMMENTS = YES;
				CLANG_WARN_EMPTY_BODY = YES;
				CLANG_WARN_ENUM_CONVERSION = YES;
				CLANG_WARN_INFINITE_RECURSION = YES;
				CLANG_WARN_INT_CONVERSION = YES;
				CLANG_WARN_NON_LITERAL_NULL_CONVERSION = YES;
				CLANG_WARN_OBJC_IMPLICIT_RETAIN_SELF = YES;
				CLANG_WARN_OBJC_LITERAL_CONVERSION = YES;
				CLANG_WARN_OBJC_ROOT_CLASS = YES_ERROR;
				CLANG_WARN_QUOTED_INCLUDE_IN_FRAMEWORK_HEADER = YES;
				CLANG_WARN_RANGE_LOOP_ANALYSIS = YES;
				CLANG_WARN_STRICT_PROTOTYPES = YES;
				CLANG_WARN_SUSPICIOUS_MOVE = YES;
				CLANG_WARN_UNGUARDED_AVAILABILITY = YES_AGGRESSIVE;
				CLANG_WARN_UNREACHABLE_CODE = YES;
				CLANG_WARN__DUPLICATE_METHOD_MATCH = YES;
				COPY_PHASE_STRIP = NO;
				DEBUG_INFORMATION_FORMAT = dwarf;
				ENABLE_STRICT_OBJC_MSGSEND = YES;
				ENABLE_TESTABILITY = YES;
				GCC_C_LANGUAGE_STANDARD = gnu11;
				GCC_DYNAMIC_NO_PIC = NO;
				GCC_NO_COMMON_BLOCKS = YES;
				GCC_OPTIMIZATION_LEVEL = 0;
				GCC_PREPROCESSOR_DEFINITIONS = (
					"DEBUG=1",
					"$(inherited)",
				);
				GCC_WARN_64_TO_32_BIT_CONVERSION = YES;
				GCC_WARN_ABOUT_RETURN_TYPE = YES_ERROR;
				GCC_WARN_UNDECLARED_SELECTOR = YES;
				GCC_WARN_UNINITIALIZED_AUTOS = YES_AGGRESSIVE;
				GCC_WARN_UNUSED_FUNCTION = YES;
				GCC_WARN_UNUSED_VARIABLE = YES;
				IPHONEOS_DEPLOYMENT_TARGET = 14.0;
				MTL_ENABLE_DEBUG_INFO = INCLUDE_SOURCE;
				MTL_FAST_MATH = YES;
				ONLY_ACTIVE_ARCH = YES;
				SDKROOT = iphoneos;
				SWIFT_ACTIVE_COMPILATION_CONDITIONS = DEBUG;
				SWIFT_OPTIMIZATION_LEVEL = "-Onone";
			};
			name = Debug;
		};
		2E92B68424EE746000187C4E /* Release */ = {
			isa = XCBuildConfiguration;
			buildSettings = {
				ALWAYS_SEARCH_USER_PATHS = NO;
				CLANG_ANALYZER_NONNULL = YES;
				CLANG_ANALYZER_NUMBER_OBJECT_CONVERSION = YES_AGGRESSIVE;
				CLANG_CXX_LANGUAGE_STANDARD = "gnu++14";
				CLANG_CXX_LIBRARY = "libc++";
				CLANG_ENABLE_MODULES = YES;
				CLANG_ENABLE_OBJC_ARC = YES;
				CLANG_ENABLE_OBJC_WEAK = YES;
				CLANG_WARN_BLOCK_CAPTURE_AUTORELEASING = YES;
				CLANG_WARN_BOOL_CONVERSION = YES;
				CLANG_WARN_COMMA = YES;
				CLANG_WARN_CONSTANT_CONVERSION = YES;
				CLANG_WARN_DEPRECATED_OBJC_IMPLEMENTATIONS = YES;
				CLANG_WARN_DIRECT_OBJC_ISA_USAGE = YES_ERROR;
				CLANG_WARN_DOCUMENTATION_COMMENTS = YES;
				CLANG_WARN_EMPTY_BODY = YES;
				CLANG_WARN_ENUM_CONVERSION = YES;
				CLANG_WARN_INFINITE_RECURSION = YES;
				CLANG_WARN_INT_CONVERSION = YES;
				CLANG_WARN_NON_LITERAL_NULL_CONVERSION = YES;
				CLANG_WARN_OBJC_IMPLICIT_RETAIN_SELF = YES;
				CLANG_WARN_OBJC_LITERAL_CONVERSION = YES;
				CLANG_WARN_OBJC_ROOT_CLASS = YES_ERROR;
				CLANG_WARN_QUOTED_INCLUDE_IN_FRAMEWORK_HEADER = YES;
				CLANG_WARN_RANGE_LOOP_ANALYSIS = YES;
				CLANG_WARN_STRICT_PROTOTYPES = YES;
				CLANG_WARN_SUSPICIOUS_MOVE = YES;
				CLANG_WARN_UNGUARDED_AVAILABILITY = YES_AGGRESSIVE;
				CLANG_WARN_UNREACHABLE_CODE = YES;
				CLANG_WARN__DUPLICATE_METHOD_MATCH = YES;
				COPY_PHASE_STRIP = NO;
				DEBUG_INFORMATION_FORMAT = "dwarf-with-dsym";
				ENABLE_NS_ASSERTIONS = NO;
				ENABLE_STRICT_OBJC_MSGSEND = YES;
				GCC_C_LANGUAGE_STANDARD = gnu11;
				GCC_NO_COMMON_BLOCKS = YES;
				GCC_WARN_64_TO_32_BIT_CONVERSION = YES;
				GCC_WARN_ABOUT_RETURN_TYPE = YES_ERROR;
				GCC_WARN_UNDECLARED_SELECTOR = YES;
				GCC_WARN_UNINITIALIZED_AUTOS = YES_AGGRESSIVE;
				GCC_WARN_UNUSED_FUNCTION = YES;
				GCC_WARN_UNUSED_VARIABLE = YES;
				IPHONEOS_DEPLOYMENT_TARGET = 14.0;
				MTL_ENABLE_DEBUG_INFO = NO;
				MTL_FAST_MATH = YES;
				SDKROOT = iphoneos;
				SWIFT_COMPILATION_MODE = wholemodule;
				SWIFT_OPTIMIZATION_LEVEL = "-O";
				VALIDATE_PRODUCT = YES;
			};
			name = Release;
		};
		2E92B68624EE746000187C4E /* Debug */ = {
			isa = XCBuildConfiguration;
			buildSettings = {
				ASSETCATALOG_COMPILER_APPICON_NAME = AppIcon;
				ASSETCATALOG_COMPILER_GLOBAL_ACCENT_COLOR_NAME = AccentColor;
				CODE_SIGN_STYLE = Automatic;
				INFOPLIST_FILE = Shiori/Info.plist;
				LD_RUNPATH_SEARCH_PATHS = (
					"$(inherited)",
					"@executable_path/Frameworks",
				);
				PRODUCT_BUNDLE_IDENTIFIER = com.hikinit.Shiori;
				PRODUCT_NAME = "$(TARGET_NAME)";
				SWIFT_VERSION = 5.0;
				TARGETED_DEVICE_FAMILY = 1;
			};
			name = Debug;
		};
		2E92B68724EE746000187C4E /* Release */ = {
			isa = XCBuildConfiguration;
			buildSettings = {
				ASSETCATALOG_COMPILER_APPICON_NAME = AppIcon;
				ASSETCATALOG_COMPILER_GLOBAL_ACCENT_COLOR_NAME = AccentColor;
				CODE_SIGN_STYLE = Automatic;
				INFOPLIST_FILE = Shiori/Info.plist;
				LD_RUNPATH_SEARCH_PATHS = (
					"$(inherited)",
					"@executable_path/Frameworks",
				);
				PRODUCT_BUNDLE_IDENTIFIER = com.hikinit.Shiori;
				PRODUCT_NAME = "$(TARGET_NAME)";
				SWIFT_VERSION = 5.0;
				TARGETED_DEVICE_FAMILY = 1;
			};
			name = Release;
		};
/* End XCBuildConfiguration section */

/* Begin XCConfigurationList section */
		2E339E1524EF68A6003EB34C /* Build configuration list for PBXNativeTarget "ShioriUnitTests" */ = {
			isa = XCConfigurationList;
			buildConfigurations = (
				2E339E1624EF68A6003EB34C /* Debug */,
				2E339E1724EF68A6003EB34C /* Release */,
			);
			defaultConfigurationIsVisible = 0;
			defaultConfigurationName = Release;
		};
		2E92B66C24EE745F00187C4E /* Build configuration list for PBXProject "Shiori" */ = {
			isa = XCConfigurationList;
			buildConfigurations = (
				2E92B68324EE746000187C4E /* Debug */,
				2E92B68424EE746000187C4E /* Release */,
			);
			defaultConfigurationIsVisible = 0;
			defaultConfigurationName = Release;
		};
		2E92B68524EE746000187C4E /* Build configuration list for PBXNativeTarget "Shiori" */ = {
			isa = XCConfigurationList;
			buildConfigurations = (
				2E92B68624EE746000187C4E /* Debug */,
				2E92B68724EE746000187C4E /* Release */,
			);
			defaultConfigurationIsVisible = 0;
			defaultConfigurationName = Release;
		};
/* End XCConfigurationList section */

/* Begin XCVersionGroup section */
		2E92B68B24EE74FE00187C4E /* Shiori.xcdatamodeld */ = {
			isa = XCVersionGroup;
			children = (
				2E92B68C24EE74FE00187C4E /* Shiori.xcdatamodel */,
			);
			currentVersion = 2E92B68C24EE74FE00187C4E /* Shiori.xcdatamodel */;
			path = Shiori.xcdatamodeld;
			sourceTree = "<group>";
			versionGroupType = wrapper.xcdatamodel;
		};
/* End XCVersionGroup section */
	};
	rootObject = 2E92B66924EE745F00187C4E /* Project object */;
}
